
Microsoft Visual Studio Solution File, Format Version 12.00
# Visual Studio 15
VisualStudioVersion = 15.0.27004.2009
MinimumVisualStudioVersion = 10.0.40219.1
Project("{FAE04EC0-301F-11D3-BF4B-00C04F79EFBC}") = "ContosoUniversity", "ContosoUniversity\ContosoUniversity.csproj", "{57524454-E8D7-45E0-8EEF-3DE5E80A7742}"
EndProject
Global
	GlobalSection(SolutionConfigurationPlatforms) = preSolution
		Debug|Any CPU = Debug|Any CPU
		Release|Any CPU = Release|Any CPU
	EndGlobalSection
	GlobalSection(ProjectConfigurationPlatforms) = postSolution
		{57524454-E8D7-45E0-8EEF-3DE5E80A7742}.Debug|Any CPU.ActiveCfg = Debug|Any CPU
		{57524454-E8D7-45E0-8EEF-3DE5E80A7742}.Debug|Any CPU.Build.0 = Debug|Any CPU
		{57524454-E8D7-45E0-8EEF-3DE5E80A7742}.Release|Any CPU.ActiveCfg = Release|Any CPU
		{57524454-E8D7-45E0-8EEF-3DE5E80A7742}.Release|Any CPU.Build.0 = Release|Any CPU
	EndGlobalSection
	GlobalSection(SolutionProperties) = preSolution
		HideSolutionNode = FALSE
	EndGlobalSection
	GlobalSection(ExtensibilityGlobals) = postSolution
		SolutionGuid = {A9B7DF24-1141-46BE-A76C-3BA6A9E39E9E}
	EndGlobalSection
EndGlobal
